// !$*UTF8*$!
{
	archiveVersion = 1;
	classes = {
	};
	objectVersion = 55;
	objects = {

/* Begin PBXBuildFile section */
		CC4618612876E31500AE189E /* MobileRTC.xcframework in Frameworks */ = {isa = PBXBuildFile; fileRef = CC46185E2876E31500AE189E /* MobileRTC.xcframework */; };
		CC4618622876E31500AE189E /* MobileRTC.xcframework in Embed Frameworks */ = {isa = PBXBuildFile; fileRef = CC46185E2876E31500AE189E /* MobileRTC.xcframework */; settings = {ATTRIBUTES = (CodeSignOnCopy, RemoveHeadersOnCopy, ); }; };
		CCBC38672872ECC60031A6F6 /* AppDelegate.swift in Sources */ = {isa = PBXBuildFile; fileRef = CCBC38662872ECC60031A6F6 /* AppDelegate.swift */; };
		CCBC386B2872ECC60031A6F6 /* ViewController.swift in Sources */ = {isa = PBXBuildFile; fileRef = CCBC386A2872ECC60031A6F6 /* ViewController.swift */; };
		CCBC386E2872ECC60031A6F6 /* Main.storyboard in Resources */ = {isa = PBXBuildFile; fileRef = CCBC386C2872ECC60031A6F6 /* Main.storyboard */; };
		CCBC38702872ECC80031A6F6 /* Assets.xcassets in Resources */ = {isa = PBXBuildFile; fileRef = CCBC386F2872ECC80031A6F6 /* Assets.xcassets */; };
		CCBC38732872ECC80031A6F6 /* LaunchScreen.storyboard in Resources */ = {isa = PBXBuildFile; fileRef = CCBC38712872ECC80031A6F6 /* LaunchScreen.storyboard */; };
		CCBC387E2872ECC80031A6F6 /* DemoAppTests.swift in Sources */ = {isa = PBXBuildFile; fileRef = CCBC387D2872ECC80031A6F6 /* DemoAppTests.swift */; };
		CCBC38882872ECC80031A6F6 /* DemoAppUITests.swift in Sources */ = {isa = PBXBuildFile; fileRef = CCBC38872872ECC80031A6F6 /* DemoAppUITests.swift */; };
		CCBC388A2872ECC80031A6F6 /* DemoAppUITestsLaunchTests.swift in Sources */ = {isa = PBXBuildFile; fileRef = CCBC38892872ECC80031A6F6 /* DemoAppUITestsLaunchTests.swift */; };
		CCBC38AD2872FFAB0031A6F6 /* MobileRTCResources.bundle in Resources */ = {isa = PBXBuildFile; fileRef = CCBC38AC2872FFAB0031A6F6 /* MobileRTCResources.bundle */; };
/* End PBXBuildFile section */

/* Begin PBXContainerItemProxy section */
		CCBC387A2872ECC80031A6F6 /* PBXContainerItemProxy */ = {
			isa = PBXContainerItemProxy;
			containerPortal = CCBC385B2872ECC60031A6F6 /* Project object */;
			proxyType = 1;
			remoteGlobalIDString = CCBC38622872ECC60031A6F6;
			remoteInfo = DemoApp;
		};
		CCBC38842872ECC80031A6F6 /* PBXContainerItemProxy */ = {
			isa = PBXContainerItemProxy;
			containerPortal = CCBC385B2872ECC60031A6F6 /* Project object */;
			proxyType = 1;
			remoteGlobalIDString = CCBC38622872ECC60031A6F6;
			remoteInfo = DemoApp;
		};
/* End PBXContainerItemProxy section */

/* Begin PBXCopyFilesBuildPhase section */
		CC4618632876E31500AE189E /* Embed Frameworks */ = {
			isa = PBXCopyFilesBuildPhase;
			buildActionMask = 2147483647;
			dstPath = "";
			dstSubfolderSpec = 10;
			files = (
				CC4618622876E31500AE189E /* MobileRTC.xcframework in Embed Frameworks */,
			);
			name = "Embed Frameworks";
			runOnlyForDeploymentPostprocessing = 0;
		};
/* End PBXCopyFilesBuildPhase section */

/* Begin PBXFileReference section */
		CC46185D2876E31500AE189E /* MobileRTCScreenShare.xcframework */ = {isa = PBXFileReference; lastKnownFileType = wrapper.xcframework; name = MobileRTCScreenShare.xcframework; path = "../../../Downloads/zoom-sdk-ios-5.11.2.3958/lib/MobileRTCScreenShare.xcframework"; sourceTree = "<group>"; };
		CC46185E2876E31500AE189E /* MobileRTC.xcframework */ = {isa = PBXFileReference; lastKnownFileType = wrapper.xcframework; name = MobileRTC.xcframework; path = "../../../Downloads/zoom-sdk-ios-5.11.2.3958/lib/MobileRTC.xcframework"; sourceTree = "<group>"; };
		CCBC38632872ECC60031A6F6 /* DemoApp.app */ = {isa = PBXFileReference; explicitFileType = wrapper.application; includeInIndex = 0; path = DemoApp.app; sourceTree = BUILT_PRODUCTS_DIR; };
		CCBC38662872ECC60031A6F6 /* AppDelegate.swift */ = {isa = PBXFileReference; lastKnownFileType = sourcecode.swift; path = AppDelegate.swift; sourceTree = "<group>"; };
		CCBC386A2872ECC60031A6F6 /* ViewController.swift */ = {isa = PBXFileReference; lastKnownFileType = sourcecode.swift; path = ViewController.swift; sourceTree = "<group>"; };
		CCBC386D2872ECC60031A6F6 /* Base */ = {isa = PBXFileReference; lastKnownFileType = file.storyboard; name = Base; path = Base.lproj/Main.storyboard; sourceTree = "<group>"; };
		CCBC386F2872ECC80031A6F6 /* Assets.xcassets */ = {isa = PBXFileReference; lastKnownFileType = folder.assetcatalog; path = Assets.xcassets; sourceTree = "<group>"; };
		CCBC38722872ECC80031A6F6 /* Base */ = {isa = PBXFileReference; lastKnownFileType = file.storyboard; name = Base; path = Base.lproj/LaunchScreen.storyboard; sourceTree = "<group>"; };
		CCBC38742872ECC80031A6F6 /* Info.plist */ = {isa = PBXFileReference; lastKnownFileType = text.plist.xml; path = Info.plist; sourceTree = "<group>"; };
		CCBC38792872ECC80031A6F6 /* DemoAppTests.xctest */ = {isa = PBXFileReference; explicitFileType = wrapper.cfbundle; includeInIndex = 0; path = DemoAppTests.xctest; sourceTree = BUILT_PRODUCTS_DIR; };
		CCBC387D2872ECC80031A6F6 /* DemoAppTests.swift */ = {isa = PBXFileReference; lastKnownFileType = sourcecode.swift; path = DemoAppTests.swift; sourceTree = "<group>"; };
		CCBC38832872ECC80031A6F6 /* DemoAppUITests.xctest */ = {isa = PBXFileReference; explicitFileType = wrapper.cfbundle; includeInIndex = 0; path = DemoAppUITests.xctest; sourceTree = BUILT_PRODUCTS_DIR; };
		CCBC38872872ECC80031A6F6 /* DemoAppUITests.swift */ = {isa = PBXFileReference; lastKnownFileType = sourcecode.swift; path = DemoAppUITests.swift; sourceTree = "<group>"; };
		CCBC38892872ECC80031A6F6 /* DemoAppUITestsLaunchTests.swift */ = {isa = PBXFileReference; lastKnownFileType = sourcecode.swift; path = DemoAppUITestsLaunchTests.swift; sourceTree = "<group>"; };
		CCBC38AC2872FFAB0031A6F6 /* MobileRTCResources.bundle */ = {isa = PBXFileReference; lastKnownFileType = "wrapper.plug-in"; path = MobileRTCResources.bundle; sourceTree = "<group>"; };
/* End PBXFileReference section */

/* Begin PBXFrameworksBuildPhase section */
		CCBC38602872ECC60031A6F6 /* Frameworks */ = {
			isa = PBXFrameworksBuildPhase;
			buildActionMask = 2147483647;
			files = (
				CC4618612876E31500AE189E /* MobileRTC.xcframework in Frameworks */,
			);
			runOnlyForDeploymentPostprocessing = 0;
		};
		CCBC38762872ECC80031A6F6 /* Frameworks */ = {
			isa = PBXFrameworksBuildPhase;
			buildActionMask = 2147483647;
			files = (
			);
			runOnlyForDeploymentPostprocessing = 0;
		};
		CCBC38802872ECC80031A6F6 /* Frameworks */ = {
			isa = PBXFrameworksBuildPhase;
			buildActionMask = 2147483647;
			files = (
			);
			runOnlyForDeploymentPostprocessing = 0;
		};
/* End PBXFrameworksBuildPhase section */

/* Begin PBXGroup section */
		CCBC385A2872ECC60031A6F6 = {
			isa = PBXGroup;
			children = (
				CCBC38AC2872FFAB0031A6F6 /* MobileRTCResources.bundle */,
				CCBC38652872ECC60031A6F6 /* DemoApp */,
				CCBC387C2872ECC80031A6F6 /* DemoAppTests */,
				CCBC38862872ECC80031A6F6 /* DemoAppUITests */,
				CCBC38642872ECC60031A6F6 /* Products */,
				CCBC38972872F8BE0031A6F6 /* Frameworks */,
			);
			sourceTree = "<group>";
		};
		CCBC38642872ECC60031A6F6 /* Products */ = {
			isa = PBXGroup;
			children = (
				CCBC38632872ECC60031A6F6 /* DemoApp.app */,
				CCBC38792872ECC80031A6F6 /* DemoAppTests.xctest */,
				CCBC38832872ECC80031A6F6 /* DemoAppUITests.xctest */,
			);
			name = Products;
			sourceTree = "<group>";
		};
		CCBC38652872ECC60031A6F6 /* DemoApp */ = {
			isa = PBXGroup;
			children = (
				CCBC38662872ECC60031A6F6 /* AppDelegate.swift */,
				CCBC386A2872ECC60031A6F6 /* ViewController.swift */,
				CCBC386C2872ECC60031A6F6 /* Main.storyboard */,
				CCBC386F2872ECC80031A6F6 /* Assets.xcassets */,
				CCBC38712872ECC80031A6F6 /* LaunchScreen.storyboard */,
				CCBC38742872ECC80031A6F6 /* Info.plist */,
			);
			path = DemoApp;
			sourceTree = "<group>";
		};
		CCBC387C2872ECC80031A6F6 /* DemoAppTests */ = {
			isa = PBXGroup;
			children = (
				CCBC387D2872ECC80031A6F6 /* DemoAppTests.swift */,
			);
			path = DemoAppTests;
			sourceTree = "<group>";
		};
		CCBC38862872ECC80031A6F6 /* DemoAppUITests */ = {
			isa = PBXGroup;
			children = (
				CCBC38872872ECC80031A6F6 /* DemoAppUITests.swift */,
				CCBC38892872ECC80031A6F6 /* DemoAppUITestsLaunchTests.swift */,
			);
			path = DemoAppUITests;
			sourceTree = "<group>";
		};
		CCBC38972872F8BE0031A6F6 /* Frameworks */ = {
			isa = PBXGroup;
			children = (
				CC46185E2876E31500AE189E /* MobileRTC.xcframework */,
				CC46185D2876E31500AE189E /* MobileRTCScreenShare.xcframework */,
			);
			name = Frameworks;
			sourceTree = "<group>";
		};
/* End PBXGroup section */

/* Begin PBXNativeTarget section */
		CCBC38622872ECC60031A6F6 /* DemoApp */ = {
			isa = PBXNativeTarget;
			buildConfigurationList = CCBC388D2872ECC80031A6F6 /* Build configuration list for PBXNativeTarget "DemoApp" */;
			buildPhases = (
				CCBC385F2872ECC60031A6F6 /* Sources */,
				CCBC38602872ECC60031A6F6 /* Frameworks */,
				CCBC38612872ECC60031A6F6 /* Resources */,
				CC4618632876E31500AE189E /* Embed Frameworks */,
			);
			buildRules = (
			);
			dependencies = (
			);
			name = DemoApp;
			productName = DemoApp;
			productReference = CCBC38632872ECC60031A6F6 /* DemoApp.app */;
			productType = "com.apple.product-type.application";
		};
		CCBC38782872ECC80031A6F6 /* DemoAppTests */ = {
			isa = PBXNativeTarget;
			buildConfigurationList = CCBC38902872ECC80031A6F6 /* Build configuration list for PBXNativeTarget "DemoAppTests" */;
			buildPhases = (
				CCBC38752872ECC80031A6F6 /* Sources */,
				CCBC38762872ECC80031A6F6 /* Frameworks */,
				CCBC38772872ECC80031A6F6 /* Resources */,
			);
			buildRules = (
			);
			dependencies = (
				CCBC387B2872ECC80031A6F6 /* PBXTargetDependency */,
			);
			name = DemoAppTests;
			productName = DemoAppTests;
			productReference = CCBC38792872ECC80031A6F6 /* DemoAppTests.xctest */;
			productType = "com.apple.product-type.bundle.unit-test";
		};
		CCBC38822872ECC80031A6F6 /* DemoAppUITests */ = {
			isa = PBXNativeTarget;
			buildConfigurationList = CCBC38932872ECC80031A6F6 /* Build configuration list for PBXNativeTarget "DemoAppUITests" */;
			buildPhases = (
				CCBC387F2872ECC80031A6F6 /* Sources */,
				CCBC38802872ECC80031A6F6 /* Frameworks */,
				CCBC38812872ECC80031A6F6 /* Resources */,
			);
			buildRules = (
			);
			dependencies = (
				CCBC38852872ECC80031A6F6 /* PBXTargetDependency */,
			);
			name = DemoAppUITests;
			productName = DemoAppUITests;
			productReference = CCBC38832872ECC80031A6F6 /* DemoAppUITests.xctest */;
			productType = "com.apple.product-type.bundle.ui-testing";
		};
/* End PBXNativeTarget section */

/* Begin PBXProject section */
		CCBC385B2872ECC60031A6F6 /* Project object */ = {
			isa = PBXProject;
			attributes = {
				BuildIndependentTargetsInParallel = 1;
				LastSwiftUpdateCheck = 1340;
				LastUpgradeCheck = 1340;
				TargetAttributes = {
					CCBC38622872ECC60031A6F6 = {
						CreatedOnToolsVersion = 13.4.1;
					};
					CCBC38782872ECC80031A6F6 = {
						CreatedOnToolsVersion = 13.4.1;
						TestTargetID = CCBC38622872ECC60031A6F6;
					};
					CCBC38822872ECC80031A6F6 = {
						CreatedOnToolsVersion = 13.4.1;
						TestTargetID = CCBC38622872ECC60031A6F6;
					};
				};
			};
			buildConfigurationList = CCBC385E2872ECC60031A6F6 /* Build configuration list for PBXProject "DemoApp" */;
			compatibilityVersion = "Xcode 13.0";
			developmentRegion = en;
			hasScannedForEncodings = 0;
			knownRegions = (
				en,
				Base,
			);
			mainGroup = CCBC385A2872ECC60031A6F6;
			productRefGroup = CCBC38642872ECC60031A6F6 /* Products */;
			projectDirPath = "";
			projectRoot = "";
			targets = (
				CCBC38622872ECC60031A6F6 /* DemoApp */,
				CCBC38782872ECC80031A6F6 /* DemoAppTests */,
				CCBC38822872ECC80031A6F6 /* DemoAppUITests */,
			);
		};
/* End PBXProject section */

/* Begin PBXResourcesBuildPhase section */
		CCBC38612872ECC60031A6F6 /* Resources */ = {
			isa = PBXResourcesBuildPhase;
			buildActionMask = 2147483647;
			files = (
				CCBC38AD2872FFAB0031A6F6 /* MobileRTCResources.bundle in Resources */,
				CCBC38732872ECC80031A6F6 /* LaunchScreen.storyboard in Resources */,
				CCBC38702872ECC80031A6F6 /* Assets.xcassets in Resources */,
				CCBC386E2872ECC60031A6F6 /* Main.storyboard in Resources */,
			);
			runOnlyForDeploymentPostprocessing = 0;
		};
		CCBC38772872ECC80031A6F6 /* Resources */ = {
			isa = PBXResourcesBuildPhase;
			buildActionMask = 2147483647;
			files = (
			);
			runOnlyForDeploymentPostprocessing = 0;
		};
		CCBC38812872ECC80031A6F6 /* Resources */ = {
			isa = PBXResourcesBuildPhase;
			buildActionMask = 2147483647;
			files = (
			);
			runOnlyForDeploymentPostprocessing = 0;
		};
/* End PBXResourcesBuildPhase section */

/* Begin PBXSourcesBuildPhase section */
		CCBC385F2872ECC60031A6F6 /* Sources */ = {
			isa = PBXSourcesBuildPhase;
			buildActionMask = 2147483647;
			files = (
				CCBC386B2872ECC60031A6F6 /* ViewController.swift in Sources */,
				CCBC38672872ECC60031A6F6 /* AppDelegate.swift in Sources */,
			);
			runOnlyForDeploymentPostprocessing = 0;
		};
		CCBC38752872ECC80031A6F6 /* Sources */ = {
			isa = PBXSourcesBuildPhase;
			buildActionMask = 2147483647;
			files = (
				CCBC387E2872ECC80031A6F6 /* DemoAppTests.swift in Sources */,
			);
			runOnlyForDeploymentPostprocessing = 0;
		};
		CCBC387F2872ECC80031A6F6 /* Sources */ = {
			isa = PBXSourcesBuildPhase;
			buildActionMask = 2147483647;
			files = (
				CCBC38882872ECC80031A6F6 /* DemoAppUITests.swift in Sources */,
				CCBC388A2872ECC80031A6F6 /* DemoAppUITestsLaunchTests.swift in Sources */,
			);
			runOnlyForDeploymentPostprocessing = 0;
		};
/* End PBXSourcesBuildPhase section */

/* Begin PBXTargetDependency section */
		CCBC387B2872ECC80031A6F6 /* PBXTargetDependency */ = {
			isa = PBXTargetDependency;
			target = CCBC38622872ECC60031A6F6 /* DemoApp */;
			targetProxy = CCBC387A2872ECC80031A6F6 /* PBXContainerItemProxy */;
		};
		CCBC38852872ECC80031A6F6 /* PBXTargetDependency */ = {
			isa = PBXTargetDependency;
			target = CCBC38622872ECC60031A6F6 /* DemoApp */;
			targetProxy = CCBC38842872ECC80031A6F6 /* PBXContainerItemProxy */;
		};
/* End PBXTargetDependency section */

/* Begin PBXVariantGroup section */
		CCBC386C2872ECC60031A6F6 /* Main.storyboard */ = {
			isa = PBXVariantGroup;
			children = (
				CCBC386D2872ECC60031A6F6 /* Base */,
			);
			name = Main.storyboard;
			sourceTree = "<group>";
		};
		CCBC38712872ECC80031A6F6 /* LaunchScreen.storyboard */ = {
			isa = PBXVariantGroup;
			children = (
				CCBC38722872ECC80031A6F6 /* Base */,
			);
			name = LaunchScreen.storyboard;
			sourceTree = "<group>";
		};
/* End PBXVariantGroup section */

/* Begin XCBuildConfiguration section */
		CCBC388B2872ECC80031A6F6 /* Debug */ = {
			isa = XCBuildConfiguration;
			buildSettings = {
				ALWAYS_SEARCH_USER_PATHS = NO;
				CLANG_ANALYZER_NONNULL = YES;
				CLANG_ANALYZER_NUMBER_OBJECT_CONVERSION = YES_AGGRESSIVE;
				CLANG_CXX_LANGUAGE_STANDARD = "gnu++17";
				CLANG_ENABLE_MODULES = YES;
				CLANG_ENABLE_OBJC_ARC = YES;
				CLANG_ENABLE_OBJC_WEAK = YES;
				CLANG_WARN_BLOCK_CAPTURE_AUTORELEASING = YES;
				CLANG_WARN_BOOL_CONVERSION = YES;
				CLANG_WARN_COMMA = YES;
				CLANG_WARN_CONSTANT_CONVERSION = YES;
				CLANG_WARN_DEPRECATED_OBJC_IMPLEMENTATIONS = YES;
				CLANG_WARN_DIRECT_OBJC_ISA_USAGE = YES_ERROR;
				CLANG_WARN_DOCUMENTATION_COMMENTS = YES;
				CLANG_WARN_EMPTY_BODY = YES;
				CLANG_WARN_ENUM_CONVERSION = YES;
				CLANG_WARN_INFINITE_RECURSION = YES;
				CLANG_WARN_INT_CONVERSION = YES;
				CLANG_WARN_NON_LITERAL_NULL_CONVERSION = YES;
				CLANG_WARN_OBJC_IMPLICIT_RETAIN_SELF = YES;
				CLANG_WARN_OBJC_LITERAL_CONVERSION = YES;
				CLANG_WARN_OBJC_ROOT_CLASS = YES_ERROR;
				CLANG_WARN_QUOTED_INCLUDE_IN_FRAMEWORK_HEADER = YES;
				CLANG_WARN_RANGE_LOOP_ANALYSIS = YES;
				CLANG_WARN_STRICT_PROTOTYPES = YES;
				CLANG_WARN_SUSPICIOUS_MOVE = YES;
				CLANG_WARN_UNGUARDED_AVAILABILITY = YES_AGGRESSIVE;
				CLANG_WARN_UNREACHABLE_CODE = YES;
				CLANG_WARN__DUPLICATE_METHOD_MATCH = YES;
				COPY_PHASE_STRIP = NO;
				DEBUG_INFORMATION_FORMAT = dwarf;
				ENABLE_STRICT_OBJC_MSGSEND = YES;
				ENABLE_TESTABILITY = YES;
				GCC_C_LANGUAGE_STANDARD = gnu11;
				GCC_DYNAMIC_NO_PIC = NO;
				GCC_NO_COMMON_BLOCKS = YES;
				GCC_OPTIMIZATION_LEVEL = 0;
				GCC_PREPROCESSOR_DEFINITIONS = (
					"DEBUG=1",
					"$(inherited)",
				);
				GCC_WARN_64_TO_32_BIT_CONVERSION = YES;
				GCC_WARN_ABOUT_RETURN_TYPE = YES_ERROR;
				GCC_WARN_UNDECLARED_SELECTOR = YES;
				GCC_WARN_UNINITIALIZED_AUTOS = YES_AGGRESSIVE;
				GCC_WARN_UNUSED_FUNCTION = YES;
				GCC_WARN_UNUSED_VARIABLE = YES;
				IPHONEOS_DEPLOYMENT_TARGET = 13.3;
				MTL_ENABLE_DEBUG_INFO = INCLUDE_SOURCE;
				MTL_FAST_MATH = YES;
				ONLY_ACTIVE_ARCH = YES;
				SDKROOT = iphoneos;
				SWIFT_ACTIVE_COMPILATION_CONDITIONS = DEBUG;
				SWIFT_OPTIMIZATION_LEVEL = "-Onone";
			};
			name = Debug;
		};
		CCBC388C2872ECC80031A6F6 /* Release */ = {
			isa = XCBuildConfiguration;
			buildSettings = {
				ALWAYS_SEARCH_USER_PATHS = NO;
				CLANG_ANALYZER_NONNULL = YES;
				CLANG_ANALYZER_NUMBER_OBJECT_CONVERSION = YES_AGGRESSIVE;
				CLANG_CXX_LANGUAGE_STANDARD = "gnu++17";
				CLANG_ENABLE_MODULES = YES;
				CLANG_ENABLE_OBJC_ARC = YES;
				CLANG_ENABLE_OBJC_WEAK = YES;
				CLANG_WARN_BLOCK_CAPTURE_AUTORELEASING = YES;
				CLANG_WARN_BOOL_CONVERSION = YES;
				CLANG_WARN_COMMA = YES;
				CLANG_WARN_CONSTANT_CONVERSION = YES;
				CLANG_WARN_DEPRECATED_OBJC_IMPLEMENTATIONS = YES;
				CLANG_WARN_DIRECT_OBJC_ISA_USAGE = YES_ERROR;
				CLANG_WARN_DOCUMENTATION_COMMENTS = YES;
				CLANG_WARN_EMPTY_BODY = YES;
				CLANG_WARN_ENUM_CONVERSION = YES;
				CLANG_WARN_INFINITE_RECURSION = YES;
				CLANG_WARN_INT_CONVERSION = YES;
				CLANG_WARN_NON_LITERAL_NULL_CONVERSION = YES;
				CLANG_WARN_OBJC_IMPLICIT_RETAIN_SELF = YES;
				CLANG_WARN_OBJC_LITERAL_CONVERSION = YES;
				CLANG_WARN_OBJC_ROOT_CLASS = YES_ERROR;
				CLANG_WARN_QUOTED_INCLUDE_IN_FRAMEWORK_HEADER = YES;
				CLANG_WARN_RANGE_LOOP_ANALYSIS = YES;
				CLANG_WARN_STRICT_PROTOTYPES = YES;
				CLANG_WARN_SUSPICIOUS_MOVE = YES;
				CLANG_WARN_UNGUARDED_AVAILABILITY = YES_AGGRESSIVE;
				CLANG_WARN_UNREACHABLE_CODE = YES;
				CLANG_WARN__DUPLICATE_METHOD_MATCH = YES;
				COPY_PHASE_STRIP = NO;
				DEBUG_INFORMATION_FORMAT = "dwarf-with-dsym";
				ENABLE_NS_ASSERTIONS = NO;
				ENABLE_STRICT_OBJC_MSGSEND = YES;
				GCC_C_LANGUAGE_STANDARD = gnu11;
				GCC_NO_COMMON_BLOCKS = YES;
				GCC_WARN_64_TO_32_BIT_CONVERSION = YES;
				GCC_WARN_ABOUT_RETURN_TYPE = YES_ERROR;
				GCC_WARN_UNDECLARED_SELECTOR = YES;
				GCC_WARN_UNINITIALIZED_AUTOS = YES_AGGRESSIVE;
				GCC_WARN_UNUSED_FUNCTION = YES;
				GCC_WARN_UNUSED_VARIABLE = YES;
				IPHONEOS_DEPLOYMENT_TARGET = 13.3;
				MTL_ENABLE_DEBUG_INFO = NO;
				MTL_FAST_MATH = YES;
				SDKROOT = iphoneos;
				SWIFT_COMPILATION_MODE = wholemodule;
				SWIFT_OPTIMIZATION_LEVEL = "-O";
				VALIDATE_PRODUCT = YES;
			};
			name = Release;
		};
		CCBC388E2872ECC80031A6F6 /* Debug */ = {
			isa = XCBuildConfiguration;
			buildSettings = {
				ASSETCATALOG_COMPILER_APPICON_NAME = AppIcon;
				ASSETCATALOG_COMPILER_GLOBAL_ACCENT_COLOR_NAME = AccentColor;
				CODE_SIGN_STYLE = Automatic;
				CURRENT_PROJECT_VERSION = 1;
				DEVELOPMENT_TEAM = NC7W496K74;
				ENABLE_BITCODE = NO;
				GENERATE_INFOPLIST_FILE = YES;
				INFOPLIST_FILE = DemoApp/Info.plist;
				INFOPLIST_KEY_UIApplicationSupportsIndirectInputEvents = YES;
				INFOPLIST_KEY_UILaunchStoryboardName = LaunchScreen;
				INFOPLIST_KEY_UIMainStoryboardFile = Main;
				INFOPLIST_KEY_UISupportedInterfaceOrientations_iPad = "UIInterfaceOrientationPortrait UIInterfaceOrientationPortraitUpsideDown UIInterfaceOrientationLandscapeLeft UIInterfaceOrientationLandscapeRight";
				INFOPLIST_KEY_UISupportedInterfaceOrientations_iPhone = "UIInterfaceOrientationPortrait UIInterfaceOrientationLandscapeLeft UIInterfaceOrientationLandscapeRight";
				LD_RUNPATH_SEARCH_PATHS = (
					"$(inherited)",
					"@executable_path/Frameworks",
				);
				MARKETING_VERSION = 1.0;
				PRODUCT_BUNDLE_IDENTIFIER = com.demo.DemoAppZoom;
				PRODUCT_NAME = "$(TARGET_NAME)";
				SWIFT_EMIT_LOC_STRINGS = YES;
				SWIFT_VERSION = 5.0;
				TARGETED_DEVICE_FAMILY = "1,2";
			};
			name = Debug;
		};
		CCBC388F2872ECC80031A6F6 /* Release */ = {
			isa = XCBuildConfiguration;
			buildSettings = {
				ASSETCATALOG_COMPILER_APPICON_NAME = AppIcon;
				ASSETCATALOG_COMPILER_GLOBAL_ACCENT_COLOR_NAME = AccentColor;
				CODE_SIGN_STYLE = Automatic;
				CURRENT_PROJECT_VERSION = 1;
				DEVELOPMENT_TEAM = NC7W496K74;
				ENABLE_BITCODE = NO;
				GENERATE_INFOPLIST_FILE = YES;
				INFOPLIST_FILE = DemoApp/Info.plist;
				INFOPLIST_KEY_UIApplicationSupportsIndirectInputEvents = YES;
				INFOPLIST_KEY_UILaunchStoryboardName = LaunchScreen;
				INFOPLIST_KEY_UIMainStoryboardFile = Main;
				INFOPLIST_KEY_UISupportedInterfaceOrientations_iPad = "UIInterfaceOrientationPortrait UIInterfaceOrientationPortraitUpsideDown UIInterfaceOrientationLandscapeLeft UIInterfaceOrientationLandscapeRight";
				INFOPLIST_KEY_UISupportedInterfaceOrientations_iPhone = "UIInterfaceOrientationPortrait UIInterfaceOrientationLandscapeLeft UIInterfaceOrientationLandscapeRight";
				LD_RUNPATH_SEARCH_PATHS = (
					"$(inherited)",
					"@executable_path/Frameworks",
				);
				MARKETING_VERSION = 1.0;
				PRODUCT_BUNDLE_IDENTIFIER = com.demo.DemoAppZoom;
				PRODUCT_NAME = "$(TARGET_NAME)";
				SWIFT_EMIT_LOC_STRINGS = YES;
				SWIFT_VERSION = 5.0;
				TARGETED_DEVICE_FAMILY = "1,2";
			};
			name = Release;
		};
		CCBC38912872ECC80031A6F6 /* Debug */ = {
			isa = XCBuildConfiguration;
			buildSettings = {
				ALWAYS_EMBED_SWIFT_STANDARD_LIBRARIES = YES;
				BUNDLE_LOADER = "$(TEST_HOST)";
				CODE_SIGN_STYLE = Automatic;
				CURRENT_PROJECT_VERSION = 1;
				DEVELOPMENT_TEAM = NC7W496K74;
				GENERATE_INFOPLIST_FILE = YES;
				IPHONEOS_DEPLOYMENT_TARGET = 15.5;
				MARKETING_VERSION = 1.0;
				PRODUCT_BUNDLE_IDENTIFIER = com.demo.DemoAppTests;
				PRODUCT_NAME = "$(TARGET_NAME)";
				SWIFT_EMIT_LOC_STRINGS = NO;
				SWIFT_VERSION = 5.0;
				TARGETED_DEVICE_FAMILY = "1,2";
				TEST_HOST = "$(BUILT_PRODUCTS_DIR)/DemoApp.app/DemoApp";
			};
			name = Debug;
		};
		CCBC38922872ECC80031A6F6 /* Release */ = {
			isa = XCBuildConfiguration;
			buildSettings = {
				ALWAYS_EMBED_SWIFT_STANDARD_LIBRARIES = YES;
				BUNDLE_LOADER = "$(TEST_HOST)";
				CODE_SIGN_STYLE = Automatic;
				CURRENT_PROJECT_VERSION = 1;
				DEVELOPMENT_TEAM = NC7W496K74;
				GENERATE_INFOPLIST_FILE = YES;
				IPHONEOS_DEPLOYMENT_TARGET = 15.5;
				MARKETING_VERSION = 1.0;
				PRODUCT_BUNDLE_IDENTIFIER = com.demo.DemoAppTests;
				PRODUCT_NAME = "$(TARGET_NAME)";
				SWIFT_EMIT_LOC_STRINGS = NO;
				SWIFT_VERSION = 5.0;
				TARGETED_DEVICE_FAMILY = "1,2";
				TEST_HOST = "$(BUILT_PRODUCTS_DIR)/DemoApp.app/DemoApp";
			};
			name = Release;
		};
		CCBC38942872ECC80031A6F6 /* Debug */ = {
			isa = XCBuildConfiguration;
			buildSettings = {
				ALWAYS_EMBED_SWIFT_STANDARD_LIBRARIES = YES;
				CODE_SIGN_STYLE = Automatic;
				CURRENT_PROJECT_VERSION = 1;
				DEVELOPMENT_TEAM = NC7W496K74;
				GENERATE_INFOPLIST_FILE = YES;
				MARKETING_VERSION = 1.0;
				PRODUCT_BUNDLE_IDENTIFIER = com.demo.DemoAppUITests;
				PRODUCT_NAME = "$(TARGET_NAME)";
				SWIFT_EMIT_LOC_STRINGS = NO;
				SWIFT_VERSION = 5.0;
				TARGETED_DEVICE_FAMILY = "1,2";
				TEST_TARGET_NAME = DemoApp;
			};
			name = Debug;
		};
		CCBC38952872ECC80031A6F6 /* Release */ = {
			isa = XCBuildConfiguration;
			buildSettings = {
				ALWAYS_EMBED_SWIFT_STANDARD_LIBRARIES = YES;
				CODE_SIGN_STYLE = Automatic;
				CURRENT_PROJECT_VERSION = 1;
				DEVELOPMENT_TEAM = NC7W496K74;
				GENERATE_INFOPLIST_FILE = YES;
				MARKETING_VERSION = 1.0;
				PRODUCT_BUNDLE_IDENTIFIER = com.demo.DemoAppUITests;
				PRODUCT_NAME = "$(TARGET_NAME)";
				SWIFT_EMIT_LOC_STRINGS = NO;
				SWIFT_VERSION = 5.0;
				TARGETED_DEVICE_FAMILY = "1,2";
				TEST_TARGET_NAME = DemoApp;
			};
			name = Release;
		};
/* End XCBuildConfiguration section */

/* Begin XCConfigurationList section */
		CCBC385E2872ECC60031A6F6 /* Build configuration list for PBXProject "DemoApp" */ = {
			isa = XCConfigurationList;
			buildConfigurations = (
				CCBC388B2872ECC80031A6F6 /* Debug */,
				CCBC388C2872ECC80031A6F6 /* Release */,
			);
			defaultConfigurationIsVisible = 0;
			defaultConfigurationName = Release;
		};
		CCBC388D2872ECC80031A6F6 /* Build configuration list for PBXNativeTarget "DemoApp" */ = {
			isa = XCConfigurationList;
			buildConfigurations = (
				CCBC388E2872ECC80031A6F6 /* Debug */,
				CCBC388F2872ECC80031A6F6 /* Release */,
			);
			defaultConfigurationIsVisible = 0;
			defaultConfigurationName = Release;
		};
		CCBC38902872ECC80031A6F6 /* Build configuration list for PBXNativeTarget "DemoAppTests" */ = {
			isa = XCConfigurationList;
			buildConfigurations = (
				CCBC38912872ECC80031A6F6 /* Debug */,
				CCBC38922872ECC80031A6F6 /* Release */,
			);
			defaultConfigurationIsVisible = 0;
			defaultConfigurationName = Release;
		};
		CCBC38932872ECC80031A6F6 /* Build configuration list for PBXNativeTarget "DemoAppUITests" */ = {
			isa = XCConfigurationList;
			buildConfigurations = (
				CCBC38942872ECC80031A6F6 /* Debug */,
				CCBC38952872ECC80031A6F6 /* Release */,
			);
			defaultConfigurationIsVisible = 0;
			defaultConfigurationName = Release;
		};
/* End XCConfigurationList section */
	};
	rootObject = CCBC385B2872ECC60031A6F6 /* Project object */;
}
